// !$*UTF8*$!
{
	archiveVersion = 1;
	classes = {
	};
	objectVersion = 56;
	objects = {

/* Begin PBXBuildFile section */
		76E4A3B32BFDDF550021BD4D /* AppDelegate.swift in Sources */ = {isa = PBXBuildFile; fileRef = 76E4A3B22BFDDF550021BD4D /* AppDelegate.swift */; };
		76E4A3B52BFDDF550021BD4D /* SceneDelegate.swift in Sources */ = {isa = PBXBuildFile; fileRef = 76E4A3B42BFDDF550021BD4D /* SceneDelegate.swift */; };
		76E4A3B72BFDDF550021BD4D /* ViewController.swift in Sources */ = {isa = PBXBuildFile; fileRef = 76E4A3B62BFDDF550021BD4D /* ViewController.swift */; };
		76E4A3BA2BFDDF550021BD4D /* Base in Resources */ = {isa = PBXBuildFile; fileRef = 76E4A3B92BFDDF550021BD4D /* Base */; };
		76E4A3BC2BFDDF560021BD4D /* Assets.xcassets in Resources */ = {isa = PBXBuildFile; fileRef = 76E4A3BB2BFDDF560021BD4D /* Assets.xcassets */; };
		76E4A3BF2BFDDF560021BD4D /* Base in Resources */ = {isa = PBXBuildFile; fileRef = 76E4A3BE2BFDDF560021BD4D /* Base */; };
		76E4A3D82BFDDFF30021BD4D /* Shared.framework in Frameworks */ = {isa = PBXBuildFile; fileRef = 76E4A3CC2BFDDFA20021BD4D /* Shared.framework */; };
		76E4A3D92BFDDFF30021BD4D /* Shared.framework in Embed Frameworks */ = {isa = PBXBuildFile; fileRef = 76E4A3CC2BFDDFA20021BD4D /* Shared.framework */; settings = {ATTRIBUTES = (RemoveHeadersOnCopy, ); }; };
/* End PBXBuildFile section */

/* Begin PBXCopyFilesBuildPhase section */
		76E4A3DA2BFDDFF30021BD4D /* Embed Frameworks */ = {
			isa = PBXCopyFilesBuildPhase;
			buildActionMask = 2147483647;
			dstPath = "";
			dstSubfolderSpec = 10;
			files = (
				76E4A3D92BFDDFF30021BD4D /* Shared.framework in Embed Frameworks */,
			);
			name = "Embed Frameworks";
			runOnlyForDeploymentPostprocessing = 0;
		};
/* End PBXCopyFilesBuildPhase section */

/* Begin PBXFileReference section */
		76E4A3AF2BFDDF550021BD4D /* iosApp.app */ = {isa = PBXFileReference; explicitFileType = wrapper.application; includeInIndex = 0; path = iosApp.app; sourceTree = BUILT_PRODUCTS_DIR; };
		76E4A3B22BFDDF550021BD4D /* AppDelegate.swift */ = {isa = PBXFileReference; lastKnownFileType = sourcecode.swift; path = AppDelegate.swift; sourceTree = "<group>"; };
		76E4A3B42BFDDF550021BD4D /* SceneDelegate.swift */ = {isa = PBXFileReference; lastKnownFileType = sourcecode.swift; path = SceneDelegate.swift; sourceTree = "<group>"; };
		76E4A3B62BFDDF550021BD4D /* ViewController.swift */ = {isa = PBXFileReference; lastKnownFileType = sourcecode.swift; path = ViewController.swift; sourceTree = "<group>"; };
		76E4A3B92BFDDF550021BD4D /* Base */ = {isa = PBXFileReference; lastKnownFileType = file.storyboard; name = Base; path = Base.lproj/Main.storyboard; sourceTree = "<group>"; };
		76E4A3BB2BFDDF560021BD4D /* Assets.xcassets */ = {isa = PBXFileReference; lastKnownFileType = folder.assetcatalog; path = Assets.xcassets; sourceTree = "<group>"; };
		76E4A3BE2BFDDF560021BD4D /* Base */ = {isa = PBXFileReference; lastKnownFileType = file.storyboard; name = Base; path = Base.lproj/LaunchScreen.storyboard; sourceTree = "<group>"; };
		76E4A3C02BFDDF560021BD4D /* Info.plist */ = {isa = PBXFileReference; lastKnownFileType = text.plist.xml; path = Info.plist; sourceTree = "<group>"; };
		76E4A3C72BFDDFA20021BD4D /* Shared.framework */ = {isa = PBXFileReference; lastKnownFileType = wrapper.framework; path = Shared.framework; sourceTree = "<group>"; };
		76E4A3C92BFDDFA20021BD4D /* Shared.framework */ = {isa = PBXFileReference; lastKnownFileType = wrapper.framework; path = Shared.framework; sourceTree = "<group>"; };
		76E4A3CC2BFDDFA20021BD4D /* Shared.framework */ = {isa = PBXFileReference; lastKnownFileType = wrapper.framework; path = Shared.framework; sourceTree = "<group>"; };
		76E4A3CE2BFDDFA20021BD4D /* Shared.framework */ = {isa = PBXFileReference; lastKnownFileType = wrapper.framework; path = Shared.framework; sourceTree = "<group>"; };
		76E4A3D12BFDDFA20021BD4D /* Shared.framework */ = {isa = PBXFileReference; lastKnownFileType = wrapper.framework; path = Shared.framework; sourceTree = "<group>"; };
		76E4A3D32BFDDFA20021BD4D /* Shared.framework */ = {isa = PBXFileReference; lastKnownFileType = wrapper.framework; path = Shared.framework; sourceTree = "<group>"; };
/* End PBXFileReference section */

/* Begin PBXFrameworksBuildPhase section */
		76E4A3AC2BFDDF550021BD4D /* Frameworks */ = {
			isa = PBXFrameworksBuildPhase;
			buildActionMask = 2147483647;
			files = (
				76E4A3D82BFDDFF30021BD4D /* Shared.framework in Frameworks */,
			);
			runOnlyForDeploymentPostprocessing = 0;
		};
/* End PBXFrameworksBuildPhase section */

/* Begin PBXGroup section */
		76E4A3A62BFDDF550021BD4D = {
			isa = PBXGroup;
			children = (
				76E4A3B12BFDDF550021BD4D /* iosApp */,
				76E4A3B02BFDDF550021BD4D /* Products */,
				76E4A3C62BFDDFA20021BD4D /* Frameworks */,
			);
			sourceTree = "<group>";
		};
		76E4A3B02BFDDF550021BD4D /* Products */ = {
			isa = PBXGroup;
			children = (
				76E4A3AF2BFDDF550021BD4D /* iosApp.app */,
			);
			name = Products;
			sourceTree = "<group>";
		};
		76E4A3B12BFDDF550021BD4D /* iosApp */ = {
			isa = PBXGroup;
			children = (
				76E4A3B22BFDDF550021BD4D /* AppDelegate.swift */,
				76E4A3B42BFDDF550021BD4D /* SceneDelegate.swift */,
				76E4A3B62BFDDF550021BD4D /* ViewController.swift */,
				76E4A3B82BFDDF550021BD4D /* Main.storyboard */,
				76E4A3BB2BFDDF560021BD4D /* Assets.xcassets */,
				76E4A3BD2BFDDF560021BD4D /* LaunchScreen.storyboard */,
				76E4A3C02BFDDF560021BD4D /* Info.plist */,
			);
			path = iosApp;
			sourceTree = "<group>";
		};
		76E4A3C62BFDDFA20021BD4D /* Frameworks */ = {
			isa = PBXGroup;
			children = (
				76E4A3D62BFDDFA20021BD4D /* bin */,
			);
			name = Frameworks;
			sourceTree = "<group>";
		};
		76E4A3C82BFDDFA20021BD4D /* debugFramework */ = {
			isa = PBXGroup;
			children = (
				76E4A3C72BFDDFA20021BD4D /* Shared.framework */,
			);
			path = debugFramework;
			sourceTree = "<group>";
		};
		76E4A3CA2BFDDFA20021BD4D /* releaseFramework */ = {
			isa = PBXGroup;
			children = (
				76E4A3C92BFDDFA20021BD4D /* Shared.framework */,
			);
			path = releaseFramework;
			sourceTree = "<group>";
		};
		76E4A3CB2BFDDFA20021BD4D /* iosArm64 */ = {
			isa = PBXGroup;
			children = (
				76E4A3C82BFDDFA20021BD4D /* debugFramework */,
				76E4A3CA2BFDDFA20021BD4D /* releaseFramework */,
			);
			path = iosArm64;
			sourceTree = "<group>";
		};
		76E4A3CD2BFDDFA20021BD4D /* debugFramework */ = {
			isa = PBXGroup;
			children = (
				76E4A3CC2BFDDFA20021BD4D /* Shared.framework */,
			);
			path = debugFramework;
			sourceTree = "<group>";
		};
		76E4A3CF2BFDDFA20021BD4D /* releaseFramework */ = {
			isa = PBXGroup;
			children = (
				76E4A3CE2BFDDFA20021BD4D /* Shared.framework */,
			);
			path = releaseFramework;
			sourceTree = "<group>";
		};
		76E4A3D02BFDDFA20021BD4D /* iosSimulatorArm64 */ = {
			isa = PBXGroup;
			children = (
				76E4A3CD2BFDDFA20021BD4D /* debugFramework */,
				76E4A3CF2BFDDFA20021BD4D /* releaseFramework */,
			);
			path = iosSimulatorArm64;
			sourceTree = "<group>";
		};
		76E4A3D22BFDDFA20021BD4D /* debugFramework */ = {
			isa = PBXGroup;
			children = (
				76E4A3D12BFDDFA20021BD4D /* Shared.framework */,
			);
			path = debugFramework;
			sourceTree = "<group>";
		};
		76E4A3D42BFDDFA20021BD4D /* releaseFramework */ = {
			isa = PBXGroup;
			children = (
				76E4A3D32BFDDFA20021BD4D /* Shared.framework */,
			);
			path = releaseFramework;
			sourceTree = "<group>";
		};
		76E4A3D52BFDDFA20021BD4D /* iosX64 */ = {
			isa = PBXGroup;
			children = (
				76E4A3D22BFDDFA20021BD4D /* debugFramework */,
				76E4A3D42BFDDFA20021BD4D /* releaseFramework */,
			);
			path = iosX64;
			sourceTree = "<group>";
		};
		76E4A3D62BFDDFA20021BD4D /* bin */ = {
			isa = PBXGroup;
			children = (
				76E4A3CB2BFDDFA20021BD4D /* iosArm64 */,
				76E4A3D02BFDDFA20021BD4D /* iosSimulatorArm64 */,
				76E4A3D52BFDDFA20021BD4D /* iosX64 */,
			);
			name = bin;
			path = ../shared/build/bin;
			sourceTree = "<group>";
		};
/* End PBXGroup section */

/* Begin PBXNativeTarget section */
		76E4A3AE2BFDDF550021BD4D /* iosApp */ = {
			isa = PBXNativeTarget;
			buildConfigurationList = 76E4A3C32BFDDF560021BD4D /* Build configuration list for PBXNativeTarget "iosApp" */;
			buildPhases = (
				76E4A3AB2BFDDF550021BD4D /* Sources */,
				76E4A3AC2BFDDF550021BD4D /* Frameworks */,
				76E4A3AD2BFDDF550021BD4D /* Resources */,
				76E4A3DA2BFDDFF30021BD4D /* Embed Frameworks */,
			);
			buildRules = (
			);
			dependencies = (
			);
			name = iosApp;
			productName = iosApp;
			productReference = 76E4A3AF2BFDDF550021BD4D /* iosApp.app */;
			productType = "com.apple.product-type.application";
		};
/* End PBXNativeTarget section */

/* Begin PBXProject section */
		76E4A3A72BFDDF550021BD4D /* Project object */ = {
			isa = PBXProject;
			attributes = {
				BuildIndependentTargetsInParallel = 1;
				LastSwiftUpdateCheck = 1530;
				LastUpgradeCheck = 1530;
				TargetAttributes = {
					76E4A3AE2BFDDF550021BD4D = {
						CreatedOnToolsVersion = 15.3;
					};
				};
			};
			buildConfigurationList = 76E4A3AA2BFDDF550021BD4D /* Build configuration list for PBXProject "iosApp" */;
			compatibilityVersion = "Xcode 14.0";
			developmentRegion = en;
			hasScannedForEncodings = 0;
			knownRegions = (
				en,
				Base,
			);
			mainGroup = 76E4A3A62BFDDF550021BD4D;
			productRefGroup = 76E4A3B02BFDDF550021BD4D /* Products */;
			projectDirPath = "";
			projectRoot = "";
			targets = (
				76E4A3AE2BFDDF550021BD4D /* iosApp */,
			);
		};
/* End PBXProject section */

/* Begin PBXResourcesBuildPhase section */
		76E4A3AD2BFDDF550021BD4D /* Resources */ = {
			isa = PBXResourcesBuildPhase;
			buildActionMask = 2147483647;
			files = (
				76E4A3BC2BFDDF560021BD4D /* Assets.xcassets in Resources */,
				76E4A3BF2BFDDF560021BD4D /* Base in Resources */,
				76E4A3BA2BFDDF550021BD4D /* Base in Resources */,
			);
			runOnlyForDeploymentPostprocessing = 0;
		};
/* End PBXResourcesBuildPhase section */

/* Begin PBXSourcesBuildPhase section */
		76E4A3AB2BFDDF550021BD4D /* Sources */ = {
			isa = PBXSourcesBuildPhase;
			buildActionMask = 2147483647;
			files = (
				76E4A3B72BFDDF550021BD4D /* ViewController.swift in Sources */,
				76E4A3B32BFDDF550021BD4D /* AppDelegate.swift in Sources */,
				76E4A3B52BFDDF550021BD4D /* SceneDelegate.swift in Sources */,
			);
			runOnlyForDeploymentPostprocessing = 0;
		};
/* End PBXSourcesBuildPhase section */

/* Begin PBXVariantGroup section */
		76E4A3B82BFDDF550021BD4D /* Main.storyboard */ = {
			isa = PBXVariantGroup;
			children = (
				76E4A3B92BFDDF550021BD4D /* Base */,
			);
			name = Main.storyboard;
			sourceTree = "<group>";
		};
		76E4A3BD2BFDDF560021BD4D /* LaunchScreen.storyboard */ = {
			isa = PBXVariantGroup;
			children = (
				76E4A3BE2BFDDF560021BD4D /* Base */,
			);
			name = LaunchScreen.storyboard;
			sourceTree = "<group>";
		};
/* End PBXVariantGroup section */

/* Begin XCBuildConfiguration section */
		76E4A3C12BFDDF560021BD4D /* Debug */ = {
			isa = XCBuildConfiguration;
			buildSettings = {
				ALWAYS_SEARCH_USER_PATHS = NO;
				ASSETCATALOG_COMPILER_GENERATE_SWIFT_ASSET_SYMBOL_EXTENSIONS = YES;
				CLANG_ANALYZER_NONNULL = YES;
				CLANG_ANALYZER_NUMBER_OBJECT_CONVERSION = YES_AGGRESSIVE;
				CLANG_CXX_LANGUAGE_STANDARD = "gnu++20";
				CLANG_ENABLE_MODULES = YES;
				CLANG_ENABLE_OBJC_ARC = YES;
				CLANG_ENABLE_OBJC_WEAK = YES;
				CLANG_WARN_BLOCK_CAPTURE_AUTORELEASING = YES;
				CLANG_WARN_BOOL_CONVERSION = YES;
				CLANG_WARN_COMMA = YES;
				CLANG_WARN_CONSTANT_CONVERSION = YES;
				CLANG_WARN_DEPRECATED_OBJC_IMPLEMENTATIONS = YES;
				CLANG_WARN_DIRECT_OBJC_ISA_USAGE = YES_ERROR;
				CLANG_WARN_DOCUMENTATION_COMMENTS = YES;
				CLANG_WARN_EMPTY_BODY = YES;
				CLANG_WARN_ENUM_CONVERSION = YES;
				CLANG_WARN_INFINITE_RECURSION = YES;
				CLANG_WARN_INT_CONVERSION = YES;
				CLANG_WARN_NON_LITERAL_NULL_CONVERSION = YES;
				CLANG_WARN_OBJC_IMPLICIT_RETAIN_SELF = YES;
				CLANG_WARN_OBJC_LITERAL_CONVERSION = YES;
				CLANG_WARN_OBJC_ROOT_CLASS = YES_ERROR;
				CLANG_WARN_QUOTED_INCLUDE_IN_FRAMEWORK_HEADER = YES;
				CLANG_WARN_RANGE_LOOP_ANALYSIS = YES;
				CLANG_WARN_STRICT_PROTOTYPES = YES;
				CLANG_WARN_SUSPICIOUS_MOVE = YES;
				CLANG_WARN_UNGUARDED_AVAILABILITY = YES_AGGRESSIVE;
				CLANG_WARN_UNREACHABLE_CODE = YES;
				CLANG_WARN__DUPLICATE_METHOD_MATCH = YES;
				COPY_PHASE_STRIP = NO;
				DEBUG_INFORMATION_FORMAT = dwarf;
				ENABLE_STRICT_OBJC_MSGSEND = YES;
				ENABLE_TESTABILITY = YES;
				ENABLE_USER_SCRIPT_SANDBOXING = YES;
				GCC_C_LANGUAGE_STANDARD = gnu17;
				GCC_DYNAMIC_NO_PIC = NO;
				GCC_NO_COMMON_BLOCKS = YES;
				GCC_OPTIMIZATION_LEVEL = 0;
				GCC_PREPROCESSOR_DEFINITIONS = (
					"DEBUG=1",
					"$(inherited)",
				);
				GCC_WARN_64_TO_32_BIT_CONVERSION = YES;
				GCC_WARN_ABOUT_RETURN_TYPE = YES_ERROR;
				GCC_WARN_UNDECLARED_SELECTOR = YES;
				GCC_WARN_UNINITIALIZED_AUTOS = YES_AGGRESSIVE;
				GCC_WARN_UNUSED_FUNCTION = YES;
				GCC_WARN_UNUSED_VARIABLE = YES;
				IPHONEOS_DEPLOYMENT_TARGET = 17.4;
				LOCALIZATION_PREFERS_STRING_CATALOGS = YES;
				MTL_ENABLE_DEBUG_INFO = INCLUDE_SOURCE;
				MTL_FAST_MATH = YES;
				ONLY_ACTIVE_ARCH = YES;
				SDKROOT = iphoneos;
				SWIFT_ACTIVE_COMPILATION_CONDITIONS = "DEBUG $(inherited)";
				SWIFT_OPTIMIZATION_LEVEL = "-Onone";
			};
			name = Debug;
		};
		76E4A3C22BFDDF560021BD4D /* Release */ = {
			isa = XCBuildConfiguration;
			buildSettings = {
				ALWAYS_SEARCH_USER_PATHS = NO;
				ASSETCATALOG_COMPILER_GENERATE_SWIFT_ASSET_SYMBOL_EXTENSIONS = YES;
				CLANG_ANALYZER_NONNULL = YES;
				CLANG_ANALYZER_NUMBER_OBJECT_CONVERSION = YES_AGGRESSIVE;
				CLANG_CXX_LANGUAGE_STANDARD = "gnu++20";
				CLANG_ENABLE_MODULES = YES;
				CLANG_ENABLE_OBJC_ARC = YES;
				CLANG_ENABLE_OBJC_WEAK = YES;
				CLANG_WARN_BLOCK_CAPTURE_AUTORELEASING = YES;
				CLANG_WARN_BOOL_CONVERSION = YES;
				CLANG_WARN_COMMA = YES;
				CLANG_WARN_CONSTANT_CONVERSION = YES;
				CLANG_WARN_DEPRECATED_OBJC_IMPLEMENTATIONS = YES;
				CLANG_WARN_DIRECT_OBJC_ISA_USAGE = YES_ERROR;
				CLANG_WARN_DOCUMENTATION_COMMENTS = YES;
				CLANG_WARN_EMPTY_BODY = YES;
				CLANG_WARN_ENUM_CONVERSION = YES;
				CLANG_WARN_INFINITE_RECURSION = YES;
				CLANG_WARN_INT_CONVERSION = YES;
				CLANG_WARN_NON_LITERAL_NULL_CONVERSION = YES;
				CLANG_WARN_OBJC_IMPLICIT_RETAIN_SELF = YES;
				CLANG_WARN_OBJC_LITERAL_CONVERSION = YES;
				CLANG_WARN_OBJC_ROOT_CLASS = YES_ERROR;
				CLANG_WARN_QUOTED_INCLUDE_IN_FRAMEWORK_HEADER = YES;
				CLANG_WARN_RANGE_LOOP_ANALYSIS = YES;
				CLANG_WARN_STRICT_PROTOTYPES = YES;
				CLANG_WARN_SUSPICIOUS_MOVE = YES;
				CLANG_WARN_UNGUARDED_AVAILABILITY = YES_AGGRESSIVE;
				CLANG_WARN_UNREACHABLE_CODE = YES;
				CLANG_WARN__DUPLICATE_METHOD_MATCH = YES;
				COPY_PHASE_STRIP = NO;
				DEBUG_INFORMATION_FORMAT = "dwarf-with-dsym";
				ENABLE_NS_ASSERTIONS = NO;
				ENABLE_STRICT_OBJC_MSGSEND = YES;
				ENABLE_USER_SCRIPT_SANDBOXING = YES;
				GCC_C_LANGUAGE_STANDARD = gnu17;
				GCC_NO_COMMON_BLOCKS = YES;
				GCC_WARN_64_TO_32_BIT_CONVERSION = YES;
				GCC_WARN_ABOUT_RETURN_TYPE = YES_ERROR;
				GCC_WARN_UNDECLARED_SELECTOR = YES;
				GCC_WARN_UNINITIALIZED_AUTOS = YES_AGGRESSIVE;
				GCC_WARN_UNUSED_FUNCTION = YES;
				GCC_WARN_UNUSED_VARIABLE = YES;
				IPHONEOS_DEPLOYMENT_TARGET = 17.4;
				LOCALIZATION_PREFERS_STRING_CATALOGS = YES;
				MTL_ENABLE_DEBUG_INFO = NO;
				MTL_FAST_MATH = YES;
				SDKROOT = iphoneos;
				SWIFT_COMPILATION_MODE = wholemodule;
				VALIDATE_PRODUCT = YES;
			};
			name = Release;
		};
		76E4A3C42BFDDF560021BD4D /* Debug */ = {
			isa = XCBuildConfiguration;
			buildSettings = {
				ASSETCATALOG_COMPILER_APPICON_NAME = AppIcon;
				ASSETCATALOG_COMPILER_GLOBAL_ACCENT_COLOR_NAME = AccentColor;
				ASSETCATALOG_COMPILER_SKIP_APP_STORE_DEPLOYMENT = NO;
				CODE_SIGN_STYLE = Automatic;
				CURRENT_PROJECT_VERSION = 1;
				DEVELOPMENT_TEAM = XMNQV9XB34;
				FRAMEWORK_SEARCH_PATHS = "$(PROJECT_DIR)/../shared/build/bin/iosSimulatorArm64/debugFramework";
				GENERATE_INFOPLIST_FILE = YES;
				INFOPLIST_FILE = iosApp/Info.plist;
				INFOPLIST_KEY_UIApplicationSupportsIndirectInputEvents = YES;
				INFOPLIST_KEY_UILaunchStoryboardName = LaunchScreen;
				INFOPLIST_KEY_UIMainStoryboardFile = Main;
				INFOPLIST_KEY_UISupportedInterfaceOrientations_iPad = "UIInterfaceOrientationPortrait UIInterfaceOrientationPortraitUpsideDown UIInterfaceOrientationLandscapeLeft UIInterfaceOrientationLandscapeRight";
				INFOPLIST_KEY_UISupportedInterfaceOrientations_iPhone = "UIInterfaceOrientationPortrait UIInterfaceOrientationLandscapeLeft UIInterfaceOrientationLandscapeRight";
				IPHONEOS_DEPLOYMENT_TARGET = 13.0;
				LD_RUNPATH_SEARCH_PATHS = (
					"$(inherited)",
					"@executable_path/Frameworks",
				);
				MARKETING_VERSION = 1.0;
				PRODUCT_BUNDLE_IDENTIFIER = hu.simplexion.iosApp;
				PRODUCT_NAME = "$(TARGET_NAME)";
				SWIFT_EMIT_LOC_STRINGS = YES;
				SWIFT_VERSION = 5.0;
				TARGETED_DEVICE_FAMILY = "1,2";
			};
			name = Debug;
		};
		76E4A3C52BFDDF560021BD4D /* Release */ = {
			isa = XCBuildConfiguration;
			buildSettings = {
				ASSETCATALOG_COMPILER_APPICON_NAME = AppIcon;
				ASSETCATALOG_COMPILER_GLOBAL_ACCENT_COLOR_NAME = AccentColor;
				ASSETCATALOG_COMPILER_SKIP_APP_STORE_DEPLOYMENT = NO;
				CODE_SIGN_STYLE = Automatic;
				CURRENT_PROJECT_VERSION = 1;
				DEVELOPMENT_TEAM = XMNQV9XB34;
				FRAMEWORK_SEARCH_PATHS = "$(PROJECT_DIR)/../shared/build/bin/iosSimulatorArm64/debugFramework";
				GENERATE_INFOPLIST_FILE = YES;
				INFOPLIST_FILE = iosApp/Info.plist;
				INFOPLIST_KEY_UIApplicationSupportsIndirectInputEvents = YES;
				INFOPLIST_KEY_UILaunchStoryboardName = LaunchScreen;
				INFOPLIST_KEY_UIMainStoryboardFile = Main;
				INFOPLIST_KEY_UISupportedInterfaceOrientations_iPad = "UIInterfaceOrientationPortrait UIInterfaceOrientationPortraitUpsideDown UIInterfaceOrientationLandscapeLeft UIInterfaceOrientationLandscapeRight";
				INFOPLIST_KEY_UISupportedInterfaceOrientations_iPhone = "UIInterfaceOrientationPortrait UIInterfaceOrientationLandscapeLeft UIInterfaceOrientationLandscapeRight";
				IPHONEOS_DEPLOYMENT_TARGET = 13.0;
				LD_RUNPATH_SEARCH_PATHS = (
					"$(inherited)",
					"@executable_path/Frameworks",
				);
				MARKETING_VERSION = 1.0;
				PRODUCT_BUNDLE_IDENTIFIER = hu.simplexion.iosApp;
				PRODUCT_NAME = "$(TARGET_NAME)";
				SWIFT_EMIT_LOC_STRINGS = YES;
				SWIFT_VERSION = 5.0;
				TARGETED_DEVICE_FAMILY = "1,2";
			};
			name = Release;
		};
/* End XCBuildConfiguration section */

/* Begin XCConfigurationList section */
		76E4A3AA2BFDDF550021BD4D /* Build configuration list for PBXProject "iosApp" */ = {
			isa = XCConfigurationList;
			buildConfigurations = (
				76E4A3C12BFDDF560021BD4D /* Debug */,
				76E4A3C22BFDDF560021BD4D /* Release */,
			);
			defaultConfigurationIsVisible = 0;
			defaultConfigurationName = Release;
		};
		76E4A3C32BFDDF560021BD4D /* Build configuration list for PBXNativeTarget "iosApp" */ = {
			isa = XCConfigurationList;
			buildConfigurations = (
				76E4A3C42BFDDF560021BD4D /* Debug */,
				76E4A3C52BFDDF560021BD4D /* Release */,
			);
			defaultConfigurationIsVisible = 0;
			defaultConfigurationName = Release;
		};
/* End XCConfigurationList section */
	};
	rootObject = 76E4A3A72BFDDF550021BD4D /* Project object */;
}
